Microsoft Visual Studio Solution File, Format Version 12.00
# Visual Studio Version 17
VisualStudioVersion = 17.12.35527.113 d17.12
MinimumVisualStudioVersion = 10.0.40219.1
Project("{FAE04EC0-301F-11D3-BF4B-00C04F79EFBC}") = "CSharpAdvent2024.AppHost", "CSharpAdvent2024.AppHost\CSharpAdvent2024.AppHost.csproj", "{A212E447-3539-43CE-830B-7A181EEFEE3B}"
EndProject
Project("{FAE04EC0-301F-11D3-BF4B-00C04F79EFBC}") = "CSharpAdvent2024.ServiceDefaults", "CSharpAdvent2024.ServiceDefaults\CSharpAdvent2024.ServiceDefaults.csproj", "{36CB61C7-6ED6-42E6-A89A-991FF9EF5941}"
EndProject
Project("{FAE04EC0-301F-11D3-BF4B-00C04F79EFBC}") = "CSharpAdvent2024.ApiService", "CSharpAdvent2024.ApiService\CSharpAdvent2024.ApiService.csproj", "{FC6588B3-C0F7-408D-A38F-5F1F57115996}"
EndProject
Project("{FAE04EC0-301F-11D3-BF4B-00C04F79EFBC}") = "CSharpAdvent2024.Web", "CSharpAdvent2024.Web\CSharpAdvent2024.Web.csproj", "{523D2EEB-2F59-47B6-AEB9-4655AF4588C8}"
EndProject
Global
	GlobalSection(SolutionConfigurationPlatforms) = preSolution
		Debug|Any CPU = Debug|Any CPU
		Release|Any CPU = Release|Any CPU
	EndGlobalSection
	GlobalSection(ProjectConfigurationPlatforms) = postSolution
		{A212E447-3539-43CE-830B-7A181EEFEE3B}.Debug|Any CPU.ActiveCfg = Debug|Any CPU
		{A212E447-3539-43CE-830B-7A181EEFEE3B}.Debug|Any CPU.Build.0 = Debug|Any CPU
		{A212E447-3539-43CE-830B-7A181EEFEE3B}.Release|Any CPU.ActiveCfg = Release|Any CPU
		{A212E447-3539-43CE-830B-7A181EEFEE3B}.Release|Any CPU.Build.0 = Release|Any CPU
		{36CB61C7-6ED6-42E6-A89A-991FF9EF5941}.Debug|Any CPU.ActiveCfg = Debug|Any CPU
		{36CB61C7-6ED6-42E6-A89A-991FF9EF5941}.Debug|Any CPU.Build.0 = Debug|Any CPU
		{36CB61C7-6ED6-42E6-A89A-991FF9EF5941}.Release|Any CPU.ActiveCfg = Release|Any CPU
		{36CB61C7-6ED6-42E6-A89A-991FF9EF5941}.Release|Any CPU.Build.0 = Release|Any CPU
		{FC6588B3-C0F7-408D-A38F-5F1F57115996}.Debug|Any CPU.ActiveCfg = Debug|Any CPU
		{FC6588B3-C0F7-408D-A38F-5F1F57115996}.Debug|Any CPU.Build.0 = Debug|Any CPU
		{FC6588B3-C0F7-408D-A38F-5F1F57115996}.Release|Any CPU.ActiveCfg = Release|Any CPU
		{FC6588B3-C0F7-408D-A38F-5F1F57115996}.Release|Any CPU.Build.0 = Release|Any CPU
		{523D2EEB-2F59-47B6-AEB9-4655AF4588C8}.Debug|Any CPU.ActiveCfg = Debug|Any CPU
		{523D2EEB-2F59-47B6-AEB9-4655AF4588C8}.Debug|Any CPU.Build.0 = Debug|Any CPU
		{523D2EEB-2F59-47B6-AEB9-4655AF4588C8}.Release|Any CPU.ActiveCfg = Release|Any CPU
		{523D2EEB-2F59-47B6-AEB9-4655AF4588C8}.Release|Any CPU.Build.0 = Release|Any CPU
	EndGlobalSection
	GlobalSection(SolutionProperties) = preSolution
		HideSolutionNode = FALSE
	EndGlobalSection
EndGlobal
